
Microsoft Visual Studio Solution File, Format Version 12.00
# Visual Studio Version 16
VisualStudioVersion = 16.0.30225.117
MinimumVisualStudioVersion = 10.0.40219.1
Project("{9A19103F-16F7-4668-BE54-9A1E7A4F7556}") = "ModBuildTasks", "ModBuildTasks\ModBuildTasks.csproj", "{9E2CCD76-48BB-4D94-89CB-0CF82F379A9E}"
EndProject
Project("{9A19103F-16F7-4668-BE54-9A1E7A4F7556}") = "LibTModFile", "..\LibTModFile\LibTModFile.csproj", "{65F589A9-2DB6-4181-8484-692EDE359D85}"
EndProject
Global
	GlobalSection(SolutionConfigurationPlatforms) = preSolution
		Debug|Any CPU = Debug|Any CPU
		Release|Any CPU = Release|Any CPU
	EndGlobalSection
	GlobalSection(ProjectConfigurationPlatforms) = postSolution
		{9E2CCD76-48BB-4D94-89CB-0CF82F379A9E}.Debug|Any CPU.ActiveCfg = Debug|Any CPU
		{9E2CCD76-48BB-4D94-89CB-0CF82F379A9E}.Debug|Any CPU.Build.0 = Debug|Any CPU
		{9E2CCD76-48BB-4D94-89CB-0CF82F379A9E}.Release|Any CPU.ActiveCfg = Release|Any CPU
		{9E2CCD76-48BB-4D94-89CB-0CF82F379A9E}.Release|Any CPU.Build.0 = Release|Any CPU
		{65F589A9-2DB6-4181-8484-692EDE359D85}.Debug|Any CPU.ActiveCfg = Debug|Any CPU
		{65F589A9-2DB6-4181-8484-692EDE359D85}.Debug|Any CPU.Build.0 = Debug|Any CPU
		{65F589A9-2DB6-4181-8484-692EDE359D85}.Release|Any CPU.ActiveCfg = Release|Any CPU
		{65F589A9-2DB6-4181-8484-692EDE359D85}.Release|Any CPU.Build.0 = Release|Any CPU
	EndGlobalSection
	GlobalSection(SolutionProperties) = preSolution
		HideSolutionNode = FALSE
	EndGlobalSection
	GlobalSection(ExtensibilityGlobals) = postSolution
		SolutionGuid = {80FA2469-068E-42A5-A845-ED94CDBCF01E}
	EndGlobalSection
EndGlobal
