
Microsoft Visual Studio Solution File, Format Version 12.00
# Visual Studio 15
VisualStudioVersion = 15.0.28307.136
MinimumVisualStudioVersion = 10.0.40219.1
Project("{9A19103F-16F7-4668-BE54-9A1E7A4F7556}") = "Terraria", "..\src\tModLoader\Terraria.csproj", "{3996D5FA-6E59-4FE4-9F2B-40EEEF9645D5}"
EndProject
Project("{9A19103F-16F7-4668-BE54-9A1E7A4F7556}") = "tModLoaderTests", "..\test\tModLoaderTests.csproj", "{60CBCBCB-F937-45AB-9AFB-CD9196EBCB7C}"
EndProject
Project("{9A19103F-16F7-4668-BE54-9A1E7A4F7556}") = "LibTModFile", "..\LibTModFile\LibTModFile.csproj", "{57E3075D-5490-4534-B710-E8223CAB47DD}"
EndProject
Global
	GlobalSection(SolutionConfigurationPlatforms) = preSolution
		Debug|Any CPU = Debug|Any CPU
		Debug|Auto = Debug|Auto
		LinuxRelease|Any CPU = LinuxRelease|Any CPU
		LinuxRelease|Auto = LinuxRelease|Auto
		LinuxServerRelease|Any CPU = LinuxServerRelease|Any CPU
		LinuxServerRelease|Auto = LinuxServerRelease|Auto
		MacRelease|Any CPU = MacRelease|Any CPU
		MacRelease|Auto = MacRelease|Auto
		MacServerRelease|Any CPU = MacServerRelease|Any CPU
		MacServerRelease|Auto = MacServerRelease|Auto
		Release|Any CPU = Release|Any CPU
		Release|Auto = Release|Auto
		WindowsDebug|Any CPU = WindowsDebug|Any CPU
		WindowsDebug|Auto = WindowsDebug|Auto
		WindowsRelease|Any CPU = WindowsRelease|Any CPU
		WindowsRelease|Auto = WindowsRelease|Auto
		WindowsServerDebug|Any CPU = WindowsServerDebug|Any CPU
		WindowsServerDebug|Auto = WindowsServerDebug|Auto
		WindowsServerRelease|Any CPU = WindowsServerRelease|Any CPU
		WindowsServerRelease|Auto = WindowsServerRelease|Auto
	EndGlobalSection
	GlobalSection(ProjectConfigurationPlatforms) = postSolution
		{3996D5FA-6E59-4FE4-9F2B-40EEEF9645D5}.Debug|Any CPU.ActiveCfg = WindowsServerDebug|Any CPU
		{3996D5FA-6E59-4FE4-9F2B-40EEEF9645D5}.Debug|Any CPU.Build.0 = WindowsServerDebug|Any CPU
		{3996D5FA-6E59-4FE4-9F2B-40EEEF9645D5}.Debug|Auto.ActiveCfg = WindowsServerDebug|Any CPU
		{3996D5FA-6E59-4FE4-9F2B-40EEEF9645D5}.Debug|Auto.Build.0 = WindowsServerDebug|Any CPU
		{3996D5FA-6E59-4FE4-9F2B-40EEEF9645D5}.LinuxRelease|Any CPU.ActiveCfg = LinuxRelease|Any CPU
		{3996D5FA-6E59-4FE4-9F2B-40EEEF9645D5}.LinuxRelease|Any CPU.Build.0 = LinuxRelease|Any CPU
		{3996D5FA-6E59-4FE4-9F2B-40EEEF9645D5}.LinuxRelease|Auto.ActiveCfg = LinuxRelease|Any CPU
		{3996D5FA-6E59-4FE4-9F2B-40EEEF9645D5}.LinuxRelease|Auto.Build.0 = LinuxRelease|Any CPU
		{3996D5FA-6E59-4FE4-9F2B-40EEEF9645D5}.LinuxServerRelease|Any CPU.ActiveCfg = LinuxServerRelease|Any CPU
		{3996D5FA-6E59-4FE4-9F2B-40EEEF9645D5}.LinuxServerRelease|Any CPU.Build.0 = LinuxServerRelease|Any CPU
		{3996D5FA-6E59-4FE4-9F2B-40EEEF9645D5}.LinuxServerRelease|Auto.ActiveCfg = LinuxServerRelease|Any CPU
		{3996D5FA-6E59-4FE4-9F2B-40EEEF9645D5}.LinuxServerRelease|Auto.Build.0 = LinuxServerRelease|Any CPU
		{3996D5FA-6E59-4FE4-9F2B-40EEEF9645D5}.MacRelease|Any CPU.ActiveCfg = MacRelease|Any CPU
		{3996D5FA-6E59-4FE4-9F2B-40EEEF9645D5}.MacRelease|Any CPU.Build.0 = MacRelease|Any CPU
		{3996D5FA-6E59-4FE4-9F2B-40EEEF9645D5}.MacRelease|Auto.ActiveCfg = MacRelease|Any CPU
		{3996D5FA-6E59-4FE4-9F2B-40EEEF9645D5}.MacRelease|Auto.Build.0 = MacRelease|Any CPU
		{3996D5FA-6E59-4FE4-9F2B-40EEEF9645D5}.MacServerRelease|Any CPU.ActiveCfg = MacServerRelease|Any CPU
		{3996D5FA-6E59-4FE4-9F2B-40EEEF9645D5}.MacServerRelease|Any CPU.Build.0 = MacServerRelease|Any CPU
		{3996D5FA-6E59-4FE4-9F2B-40EEEF9645D5}.MacServerRelease|Auto.ActiveCfg = MacServerRelease|Any CPU
		{3996D5FA-6E59-4FE4-9F2B-40EEEF9645D5}.MacServerRelease|Auto.Build.0 = MacServerRelease|Any CPU
		{3996D5FA-6E59-4FE4-9F2B-40EEEF9645D5}.Release|Any CPU.ActiveCfg = WindowsServerRelease|Any CPU
		{3996D5FA-6E59-4FE4-9F2B-40EEEF9645D5}.Release|Any CPU.Build.0 = WindowsServerRelease|Any CPU
		{3996D5FA-6E59-4FE4-9F2B-40EEEF9645D5}.Release|Auto.ActiveCfg = WindowsServerRelease|Any CPU
		{3996D5FA-6E59-4FE4-9F2B-40EEEF9645D5}.Release|Auto.Build.0 = WindowsServerRelease|Any CPU
		{3996D5FA-6E59-4FE4-9F2B-40EEEF9645D5}.WindowsDebug|Any CPU.ActiveCfg = WindowsDebug|Any CPU
		{3996D5FA-6E59-4FE4-9F2B-40EEEF9645D5}.WindowsDebug|Any CPU.Build.0 = WindowsDebug|Any CPU
		{3996D5FA-6E59-4FE4-9F2B-40EEEF9645D5}.WindowsDebug|Auto.ActiveCfg = WindowsDebug|Any CPU
		{3996D5FA-6E59-4FE4-9F2B-40EEEF9645D5}.WindowsDebug|Auto.Build.0 = WindowsDebug|Any CPU
		{3996D5FA-6E59-4FE4-9F2B-40EEEF9645D5}.WindowsRelease|Any CPU.ActiveCfg = WindowsRelease|Any CPU
		{3996D5FA-6E59-4FE4-9F2B-40EEEF9645D5}.WindowsRelease|Any CPU.Build.0 = WindowsRelease|Any CPU
		{3996D5FA-6E59-4FE4-9F2B-40EEEF9645D5}.WindowsRelease|Auto.ActiveCfg = WindowsRelease|Any CPU
		{3996D5FA-6E59-4FE4-9F2B-40EEEF9645D5}.WindowsRelease|Auto.Build.0 = WindowsRelease|Any CPU
		{3996D5FA-6E59-4FE4-9F2B-40EEEF9645D5}.WindowsServerDebug|Any CPU.ActiveCfg = WindowsServerDebug|Any CPU
		{3996D5FA-6E59-4FE4-9F2B-40EEEF9645D5}.WindowsServerDebug|Any CPU.Build.0 = WindowsServerDebug|Any CPU
		{3996D5FA-6E59-4FE4-9F2B-40EEEF9645D5}.WindowsServerDebug|Auto.ActiveCfg = WindowsServerDebug|Any CPU
		{3996D5FA-6E59-4FE4-9F2B-40EEEF9645D5}.WindowsServerDebug|Auto.Build.0 = WindowsServerDebug|Any CPU
		{3996D5FA-6E59-4FE4-9F2B-40EEEF9645D5}.WindowsServerRelease|Any CPU.ActiveCfg = WindowsServerRelease|Any CPU
		{3996D5FA-6E59-4FE4-9F2B-40EEEF9645D5}.WindowsServerRelease|Any CPU.Build.0 = WindowsServerRelease|Any CPU
		{3996D5FA-6E59-4FE4-9F2B-40EEEF9645D5}.WindowsServerRelease|Auto.ActiveCfg = WindowsServerRelease|Any CPU
		{3996D5FA-6E59-4FE4-9F2B-40EEEF9645D5}.WindowsServerRelease|Auto.Build.0 = WindowsServerRelease|Any CPU
		{60CBCBCB-F937-45AB-9AFB-CD9196EBCB7C}.Debug|Any CPU.ActiveCfg = Debug|Any CPU
		{60CBCBCB-F937-45AB-9AFB-CD9196EBCB7C}.Debug|Any CPU.Build.0 = Debug|Any CPU
		{60CBCBCB-F937-45AB-9AFB-CD9196EBCB7C}.Debug|Auto.ActiveCfg = Debug|Any CPU
		{60CBCBCB-F937-45AB-9AFB-CD9196EBCB7C}.Debug|Auto.Build.0 = Debug|Any CPU
		{60CBCBCB-F937-45AB-9AFB-CD9196EBCB7C}.LinuxRelease|Any CPU.ActiveCfg = Release|Any CPU
		{60CBCBCB-F937-45AB-9AFB-CD9196EBCB7C}.LinuxRelease|Any CPU.Build.0 = Release|Any CPU
		{60CBCBCB-F937-45AB-9AFB-CD9196EBCB7C}.LinuxRelease|Auto.ActiveCfg = Debug|Any CPU
		{60CBCBCB-F937-45AB-9AFB-CD9196EBCB7C}.LinuxRelease|Auto.Build.0 = Debug|Any CPU
		{60CBCBCB-F937-45AB-9AFB-CD9196EBCB7C}.LinuxServerRelease|Any CPU.ActiveCfg = Release|Any CPU
		{60CBCBCB-F937-45AB-9AFB-CD9196EBCB7C}.LinuxServerRelease|Any CPU.Build.0 = Release|Any CPU
		{60CBCBCB-F937-45AB-9AFB-CD9196EBCB7C}.LinuxServerRelease|Auto.ActiveCfg = Debug|Any CPU
		{60CBCBCB-F937-45AB-9AFB-CD9196EBCB7C}.LinuxServerRelease|Auto.Build.0 = Debug|Any CPU
		{60CBCBCB-F937-45AB-9AFB-CD9196EBCB7C}.MacRelease|Any CPU.ActiveCfg = Release|Any CPU
		{60CBCBCB-F937-45AB-9AFB-CD9196EBCB7C}.MacRelease|Any CPU.Build.0 = Release|Any CPU
		{60CBCBCB-F937-45AB-9AFB-CD9196EBCB7C}.MacRelease|Auto.ActiveCfg = Debug|Any CPU
		{60CBCBCB-F937-45AB-9AFB-CD9196EBCB7C}.MacRelease|Auto.Build.0 = Debug|Any CPU
		{60CBCBCB-F937-45AB-9AFB-CD9196EBCB7C}.MacServerRelease|Any CPU.ActiveCfg = Release|Any CPU
		{60CBCBCB-F937-45AB-9AFB-CD9196EBCB7C}.MacServerRelease|Any CPU.Build.0 = Release|Any CPU
		{60CBCBCB-F937-45AB-9AFB-CD9196EBCB7C}.MacServerRelease|Auto.ActiveCfg = Debug|Any CPU
		{60CBCBCB-F937-45AB-9AFB-CD9196EBCB7C}.MacServerRelease|Auto.Build.0 = Debug|Any CPU
		{60CBCBCB-F937-45AB-9AFB-CD9196EBCB7C}.Release|Any CPU.ActiveCfg = Release|Any CPU
		{60CBCBCB-F937-45AB-9AFB-CD9196EBCB7C}.Release|Any CPU.Build.0 = Release|Any CPU
		{60CBCBCB-F937-45AB-9AFB-CD9196EBCB7C}.Release|Auto.ActiveCfg = Release|Any CPU
		{60CBCBCB-F937-45AB-9AFB-CD9196EBCB7C}.Release|Auto.Build.0 = Release|Any CPU
		{60CBCBCB-F937-45AB-9AFB-CD9196EBCB7C}.WindowsDebug|Any CPU.ActiveCfg = Debug|Any CPU
		{60CBCBCB-F937-45AB-9AFB-CD9196EBCB7C}.WindowsDebug|Any CPU.Build.0 = Debug|Any CPU
		{60CBCBCB-F937-45AB-9AFB-CD9196EBCB7C}.WindowsDebug|Auto.ActiveCfg = Debug|Any CPU
		{60CBCBCB-F937-45AB-9AFB-CD9196EBCB7C}.WindowsDebug|Auto.Build.0 = Debug|Any CPU
		{60CBCBCB-F937-45AB-9AFB-CD9196EBCB7C}.WindowsRelease|Any CPU.ActiveCfg = Release|Any CPU
		{60CBCBCB-F937-45AB-9AFB-CD9196EBCB7C}.WindowsRelease|Any CPU.Build.0 = Release|Any CPU
		{60CBCBCB-F937-45AB-9AFB-CD9196EBCB7C}.WindowsRelease|Auto.ActiveCfg = Debug|Any CPU
		{60CBCBCB-F937-45AB-9AFB-CD9196EBCB7C}.WindowsRelease|Auto.Build.0 = Debug|Any CPU
		{60CBCBCB-F937-45AB-9AFB-CD9196EBCB7C}.WindowsServerDebug|Any CPU.ActiveCfg = Debug|Any CPU
		{60CBCBCB-F937-45AB-9AFB-CD9196EBCB7C}.WindowsServerDebug|Any CPU.Build.0 = Debug|Any CPU
		{60CBCBCB-F937-45AB-9AFB-CD9196EBCB7C}.WindowsServerDebug|Auto.ActiveCfg = Debug|Any CPU
		{60CBCBCB-F937-45AB-9AFB-CD9196EBCB7C}.WindowsServerDebug|Auto.Build.0 = Debug|Any CPU
		{60CBCBCB-F937-45AB-9AFB-CD9196EBCB7C}.WindowsServerRelease|Any CPU.ActiveCfg = Release|Any CPU
		{60CBCBCB-F937-45AB-9AFB-CD9196EBCB7C}.WindowsServerRelease|Any CPU.Build.0 = Release|Any CPU
		{60CBCBCB-F937-45AB-9AFB-CD9196EBCB7C}.WindowsServerRelease|Auto.ActiveCfg = Debug|Any CPU
		{60CBCBCB-F937-45AB-9AFB-CD9196EBCB7C}.WindowsServerRelease|Auto.Build.0 = Debug|Any CPU
		{57E3075D-5490-4534-B710-E8223CAB47DD}.Debug|Any CPU.ActiveCfg = Debug|Any CPU
		{57E3075D-5490-4534-B710-E8223CAB47DD}.Debug|Any CPU.Build.0 = Debug|Any CPU
		{57E3075D-5490-4534-B710-E8223CAB47DD}.Debug|Auto.ActiveCfg = Debug|Any CPU
		{57E3075D-5490-4534-B710-E8223CAB47DD}.Debug|Auto.Build.0 = Debug|Any CPU
		{57E3075D-5490-4534-B710-E8223CAB47DD}.LinuxRelease|Any CPU.ActiveCfg = Release|Any CPU
		{57E3075D-5490-4534-B710-E8223CAB47DD}.LinuxRelease|Any CPU.Build.0 = Release|Any CPU
		{57E3075D-5490-4534-B710-E8223CAB47DD}.LinuxRelease|Auto.ActiveCfg = Release|Any CPU
		{57E3075D-5490-4534-B710-E8223CAB47DD}.LinuxRelease|Auto.Build.0 = Release|Any CPU
		{57E3075D-5490-4534-B710-E8223CAB47DD}.LinuxServerRelease|Any CPU.ActiveCfg = Release|Any CPU
		{57E3075D-5490-4534-B710-E8223CAB47DD}.LinuxServerRelease|Any CPU.Build.0 = Release|Any CPU
		{57E3075D-5490-4534-B710-E8223CAB47DD}.LinuxServerRelease|Auto.ActiveCfg = Release|Any CPU
		{57E3075D-5490-4534-B710-E8223CAB47DD}.LinuxServerRelease|Auto.Build.0 = Release|Any CPU
		{57E3075D-5490-4534-B710-E8223CAB47DD}.MacRelease|Any CPU.ActiveCfg = Release|Any CPU
		{57E3075D-5490-4534-B710-E8223CAB47DD}.MacRelease|Any CPU.Build.0 = Release|Any CPU
		{57E3075D-5490-4534-B710-E8223CAB47DD}.MacRelease|Auto.ActiveCfg = Release|Any CPU
		{57E3075D-5490-4534-B710-E8223CAB47DD}.MacRelease|Auto.Build.0 = Release|Any CPU
		{57E3075D-5490-4534-B710-E8223CAB47DD}.MacServerRelease|Any CPU.ActiveCfg = Release|Any CPU
		{57E3075D-5490-4534-B710-E8223CAB47DD}.MacServerRelease|Any CPU.Build.0 = Release|Any CPU
		{57E3075D-5490-4534-B710-E8223CAB47DD}.MacServerRelease|Auto.ActiveCfg = Release|Any CPU
		{57E3075D-5490-4534-B710-E8223CAB47DD}.MacServerRelease|Auto.Build.0 = Release|Any CPU
		{57E3075D-5490-4534-B710-E8223CAB47DD}.Release|Any CPU.ActiveCfg = Release|Any CPU
		{57E3075D-5490-4534-B710-E8223CAB47DD}.Release|Any CPU.Build.0 = Release|Any CPU
		{57E3075D-5490-4534-B710-E8223CAB47DD}.Release|Auto.ActiveCfg = Release|Any CPU
		{57E3075D-5490-4534-B710-E8223CAB47DD}.Release|Auto.Build.0 = Release|Any CPU
		{57E3075D-5490-4534-B710-E8223CAB47DD}.WindowsDebug|Any CPU.ActiveCfg = Debug|Any CPU
		{57E3075D-5490-4534-B710-E8223CAB47DD}.WindowsDebug|Any CPU.Build.0 = Debug|Any CPU
		{57E3075D-5490-4534-B710-E8223CAB47DD}.WindowsDebug|Auto.ActiveCfg = Debug|Any CPU
		{57E3075D-5490-4534-B710-E8223CAB47DD}.WindowsDebug|Auto.Build.0 = Debug|Any CPU
		{57E3075D-5490-4534-B710-E8223CAB47DD}.WindowsRelease|Any CPU.ActiveCfg = Release|Any CPU
		{57E3075D-5490-4534-B710-E8223CAB47DD}.WindowsRelease|Any CPU.Build.0 = Release|Any CPU
		{57E3075D-5490-4534-B710-E8223CAB47DD}.WindowsRelease|Auto.ActiveCfg = Release|Any CPU
		{57E3075D-5490-4534-B710-E8223CAB47DD}.WindowsRelease|Auto.Build.0 = Release|Any CPU
		{57E3075D-5490-4534-B710-E8223CAB47DD}.WindowsServerDebug|Any CPU.ActiveCfg = Debug|Any CPU
		{57E3075D-5490-4534-B710-E8223CAB47DD}.WindowsServerDebug|Any CPU.Build.0 = Debug|Any CPU
		{57E3075D-5490-4534-B710-E8223CAB47DD}.WindowsServerDebug|Auto.ActiveCfg = Debug|Any CPU
		{57E3075D-5490-4534-B710-E8223CAB47DD}.WindowsServerDebug|Auto.Build.0 = Debug|Any CPU
		{57E3075D-5490-4534-B710-E8223CAB47DD}.WindowsServerRelease|Any CPU.ActiveCfg = Release|Any CPU
		{57E3075D-5490-4534-B710-E8223CAB47DD}.WindowsServerRelease|Any CPU.Build.0 = Release|Any CPU
		{57E3075D-5490-4534-B710-E8223CAB47DD}.WindowsServerRelease|Auto.ActiveCfg = Release|Any CPU
		{57E3075D-5490-4534-B710-E8223CAB47DD}.WindowsServerRelease|Auto.Build.0 = Release|Any CPU
	EndGlobalSection
	GlobalSection(SolutionProperties) = preSolution
		HideSolutionNode = FALSE
	EndGlobalSection
	GlobalSection(ExtensibilityGlobals) = postSolution
		SolutionGuid = {8CD10756-D995-430C-B9A0-5A890EB963CC}
	EndGlobalSection
EndGlobal
